
Microsoft Visual Studio Solution File, Format Version 12.00
# Visual Studio Version 17
VisualStudioVersion = 17.8.34322.80
MinimumVisualStudioVersion = 10.0.40219.1
Project("{9A19103F-16F7-4668-BE54-9A1E7A4F7556}") = "Core", "Core\Core.csproj", "{98C6DE57-DE97-4097-AF23-D8D737C51FFB}"
EndProject
Project("{FAE04EC0-301F-11D3-BF4B-00C04F79EFBC}") = "WebClient", "WebClient\WebClient\WebClient.csproj", "{DBF45AE4-FF89-42B9-9403-0B4A04396BC3}"
EndProject
Project("{FAE04EC0-301F-11D3-BF4B-00C04F79EFBC}") = "WebClient.Client", "WebClient\WebClient.Client\WebClient.Client.csproj", "{1484F13B-FC49-452B-8A0C-BD16D866CC01}"
EndProject
Global
	GlobalSection(SolutionConfigurationPlatforms) = preSolution
		Debug|Any CPU = Debug|Any CPU
		Release|Any CPU = Release|Any CPU
	EndGlobalSection
	GlobalSection(ProjectConfigurationPlatforms) = postSolution
		{98C6DE57-DE97-4097-AF23-D8D737C51FFB}.Debug|Any CPU.ActiveCfg = Debug|Any CPU
		{98C6DE57-DE97-4097-AF23-D8D737C51FFB}.Debug|Any CPU.Build.0 = Debug|Any CPU
		{98C6DE57-DE97-4097-AF23-D8D737C51FFB}.Release|Any CPU.ActiveCfg = Release|Any CPU
		{98C6DE57-DE97-4097-AF23-D8D737C51FFB}.Release|Any CPU.Build.0 = Release|Any CPU
		{DBF45AE4-FF89-42B9-9403-0B4A04396BC3}.Debug|Any CPU.ActiveCfg = Debug|Any CPU
		{DBF45AE4-FF89-42B9-9403-0B4A04396BC3}.Debug|Any CPU.Build.0 = Debug|Any CPU
		{DBF45AE4-FF89-42B9-9403-0B4A04396BC3}.Release|Any CPU.ActiveCfg = Release|Any CPU
		{DBF45AE4-FF89-42B9-9403-0B4A04396BC3}.Release|Any CPU.Build.0 = Release|Any CPU
		{1484F13B-FC49-452B-8A0C-BD16D866CC01}.Debug|Any CPU.ActiveCfg = Debug|Any CPU
		{1484F13B-FC49-452B-8A0C-BD16D866CC01}.Debug|Any CPU.Build.0 = Debug|Any CPU
		{1484F13B-FC49-452B-8A0C-BD16D866CC01}.Release|Any CPU.ActiveCfg = Release|Any CPU
		{1484F13B-FC49-452B-8A0C-BD16D866CC01}.Release|Any CPU.Build.0 = Release|Any CPU
	EndGlobalSection
	GlobalSection(SolutionProperties) = preSolution
		HideSolutionNode = FALSE
	EndGlobalSection
	GlobalSection(ExtensibilityGlobals) = postSolution
		SolutionGuid = {7F487F78-67C3-4EB9-973A-6F2C090FA336}
	EndGlobalSection
EndGlobal
